
Microsoft Visual Studio Solution File, Format Version 12.00
# Visual Studio Version 16
VisualStudioVersion = 16.0.30611.23
MinimumVisualStudioVersion = 10.0.40219.1
Project("{FAE04EC0-301F-11D3-BF4B-00C04F79EFBC}") = "dotNet5781_00_7799_9212", "dotNet5781_00_7799_9212\dotNet5781_00_7799_9212.csproj", "{676245FE-3627-4279-9066-C0D7C69979CB}"
EndProject
Project("{FAE04EC0-301F-11D3-BF4B-00C04F79EFBC}") = "dotNet5781_01_7799_9212", "dotNet5781_01_7799_9212\dotNet5781_01_7799_9212.csproj", "{EA24A5FE-351F-4B32-8829-A10819C366AE}"
EndProject
Project("{FAE04EC0-301F-11D3-BF4B-00C04F79EFBC}") = "dotNet5781_02_7799_9212", "dotNet5781_02_7799_9212\dotNet5781_02_7799_9212.csproj", "{46F3D16A-EF2C-4BEA-8510-7A76AB05F504}"
EndProject
Project("{FAE04EC0-301F-11D3-BF4B-00C04F79EFBC}") = "dotNet5781_03A_7799_9212", "dotNet5781_03A_7799_9212\dotNet5781_03A_7799_9212.csproj", "{5FD95D06-CBAF-46C6-8EFD-91D49D193A4B}"
EndProject
Project("{FAE04EC0-301F-11D3-BF4B-00C04F79EFBC}") = "dotNet5781_03B_7799_9212", "dotNet5781_03B_7799_9212\dotNet5781_03B_7799_9212.csproj", "{67FAA8BF-2A3B-4F79-A9A7-1DAC70CE6F6A}"
EndProject
Project("{2150E333-8FDC-42A3-9474-1A3956D46DE8}") = "PROJECT", "PROJECT", "{BA7A587E-0883-4B5C-B4B6-9AE5CB90E52D}"
EndProject
Project("{FAE04EC0-301F-11D3-BF4B-00C04F79EFBC}") = "BL", "BL\BL.csproj", "{9A26575E-9197-43B7-BBA1-8D7C34805289}"
EndProject
Project("{2150E333-8FDC-42A3-9474-1A3956D46DE8}") = "EXERCISES", "EXERCISES", "{8B01721C-19B0-4AD3-B27C-334F194E8BF3}"
EndProject
Project("{FAE04EC0-301F-11D3-BF4B-00C04F79EFBC}") = "DalApi", "DalApi\DalApi.csproj", "{8148364E-89D6-4589-96B1-A83B5710016D}"
EndProject
Project("{FAE04EC0-301F-11D3-BF4B-00C04F79EFBC}") = "DalObject", "DalObject\DalObject.csproj", "{CC7760F4-5B72-4215-BC64-533FB075D2E9}"
EndProject
Project("{FAE04EC0-301F-11D3-BF4B-00C04F79EFBC}") = "DalXML", "DalXML\DalXML.csproj", "{97CB886E-D323-4209-8508-A2B490C554C6}"
EndProject
Project("{FAE04EC0-301F-11D3-BF4B-00C04F79EFBC}") = "DS", "DS\DS.csproj", "{3FD4118C-7ADF-4BE8-96AE-AEF9389EC34A}"
EndProject
Global
	GlobalSection(SolutionConfigurationPlatforms) = preSolution
		Debug|Any CPU = Debug|Any CPU
		Release|Any CPU = Release|Any CPU
	EndGlobalSection
	GlobalSection(ProjectConfigurationPlatforms) = postSolution
		{676245FE-3627-4279-9066-C0D7C69979CB}.Debug|Any CPU.ActiveCfg = Debug|Any CPU
		{676245FE-3627-4279-9066-C0D7C69979CB}.Debug|Any CPU.Build.0 = Debug|Any CPU
		{676245FE-3627-4279-9066-C0D7C69979CB}.Release|Any CPU.ActiveCfg = Release|Any CPU
		{676245FE-3627-4279-9066-C0D7C69979CB}.Release|Any CPU.Build.0 = Release|Any CPU
		{EA24A5FE-351F-4B32-8829-A10819C366AE}.Debug|Any CPU.ActiveCfg = Debug|Any CPU
		{EA24A5FE-351F-4B32-8829-A10819C366AE}.Debug|Any CPU.Build.0 = Debug|Any CPU
		{EA24A5FE-351F-4B32-8829-A10819C366AE}.Release|Any CPU.ActiveCfg = Release|Any CPU
		{EA24A5FE-351F-4B32-8829-A10819C366AE}.Release|Any CPU.Build.0 = Release|Any CPU
		{46F3D16A-EF2C-4BEA-8510-7A76AB05F504}.Debug|Any CPU.ActiveCfg = Debug|Any CPU
		{46F3D16A-EF2C-4BEA-8510-7A76AB05F504}.Debug|Any CPU.Build.0 = Debug|Any CPU
		{46F3D16A-EF2C-4BEA-8510-7A76AB05F504}.Release|Any CPU.ActiveCfg = Release|Any CPU
		{46F3D16A-EF2C-4BEA-8510-7A76AB05F504}.Release|Any CPU.Build.0 = Release|Any CPU
		{5FD95D06-CBAF-46C6-8EFD-91D49D193A4B}.Debug|Any CPU.ActiveCfg = Debug|Any CPU
		{5FD95D06-CBAF-46C6-8EFD-91D49D193A4B}.Debug|Any CPU.Build.0 = Debug|Any CPU
		{5FD95D06-CBAF-46C6-8EFD-91D49D193A4B}.Release|Any CPU.ActiveCfg = Release|Any CPU
		{5FD95D06-CBAF-46C6-8EFD-91D49D193A4B}.Release|Any CPU.Build.0 = Release|Any CPU
		{67FAA8BF-2A3B-4F79-A9A7-1DAC70CE6F6A}.Debug|Any CPU.ActiveCfg = Debug|Any CPU
		{67FAA8BF-2A3B-4F79-A9A7-1DAC70CE6F6A}.Debug|Any CPU.Build.0 = Debug|Any CPU
		{67FAA8BF-2A3B-4F79-A9A7-1DAC70CE6F6A}.Release|Any CPU.ActiveCfg = Release|Any CPU
		{67FAA8BF-2A3B-4F79-A9A7-1DAC70CE6F6A}.Release|Any CPU.Build.0 = Release|Any CPU
		{9A26575E-9197-43B7-BBA1-8D7C34805289}.Debug|Any CPU.ActiveCfg = Debug|Any CPU
		{9A26575E-9197-43B7-BBA1-8D7C34805289}.Debug|Any CPU.Build.0 = Debug|Any CPU
		{9A26575E-9197-43B7-BBA1-8D7C34805289}.Release|Any CPU.ActiveCfg = Release|Any CPU
		{9A26575E-9197-43B7-BBA1-8D7C34805289}.Release|Any CPU.Build.0 = Release|Any CPU
		{8148364E-89D6-4589-96B1-A83B5710016D}.Debug|Any CPU.ActiveCfg = Debug|Any CPU
		{8148364E-89D6-4589-96B1-A83B5710016D}.Debug|Any CPU.Build.0 = Debug|Any CPU
		{8148364E-89D6-4589-96B1-A83B5710016D}.Release|Any CPU.ActiveCfg = Release|Any CPU
		{8148364E-89D6-4589-96B1-A83B5710016D}.Release|Any CPU.Build.0 = Release|Any CPU
		{CC7760F4-5B72-4215-BC64-533FB075D2E9}.Debug|Any CPU.ActiveCfg = Debug|Any CPU
		{CC7760F4-5B72-4215-BC64-533FB075D2E9}.Debug|Any CPU.Build.0 = Debug|Any CPU
		{CC7760F4-5B72-4215-BC64-533FB075D2E9}.Release|Any CPU.ActiveCfg = Release|Any CPU
		{CC7760F4-5B72-4215-BC64-533FB075D2E9}.Release|Any CPU.Build.0 = Release|Any CPU
		{97CB886E-D323-4209-8508-A2B490C554C6}.Debug|Any CPU.ActiveCfg = Debug|Any CPU
		{97CB886E-D323-4209-8508-A2B490C554C6}.Debug|Any CPU.Build.0 = Debug|Any CPU
		{97CB886E-D323-4209-8508-A2B490C554C6}.Release|Any CPU.ActiveCfg = Release|Any CPU
		{97CB886E-D323-4209-8508-A2B490C554C6}.Release|Any CPU.Build.0 = Release|Any CPU
		{3FD4118C-7ADF-4BE8-96AE-AEF9389EC34A}.Debug|Any CPU.ActiveCfg = Debug|Any CPU
		{3FD4118C-7ADF-4BE8-96AE-AEF9389EC34A}.Debug|Any CPU.Build.0 = Debug|Any CPU
		{3FD4118C-7ADF-4BE8-96AE-AEF9389EC34A}.Release|Any CPU.ActiveCfg = Release|Any CPU
		{3FD4118C-7ADF-4BE8-96AE-AEF9389EC34A}.Release|Any CPU.Build.0 = Release|Any CPU
	EndGlobalSection
	GlobalSection(SolutionProperties) = preSolution
		HideSolutionNode = FALSE
	EndGlobalSection
	GlobalSection(NestedProjects) = preSolution
		{676245FE-3627-4279-9066-C0D7C69979CB} = {8B01721C-19B0-4AD3-B27C-334F194E8BF3}
		{EA24A5FE-351F-4B32-8829-A10819C366AE} = {8B01721C-19B0-4AD3-B27C-334F194E8BF3}
		{46F3D16A-EF2C-4BEA-8510-7A76AB05F504} = {8B01721C-19B0-4AD3-B27C-334F194E8BF3}
		{5FD95D06-CBAF-46C6-8EFD-91D49D193A4B} = {8B01721C-19B0-4AD3-B27C-334F194E8BF3}
		{67FAA8BF-2A3B-4F79-A9A7-1DAC70CE6F6A} = {8B01721C-19B0-4AD3-B27C-334F194E8BF3}
		{9A26575E-9197-43B7-BBA1-8D7C34805289} = {BA7A587E-0883-4B5C-B4B6-9AE5CB90E52D}
		{8148364E-89D6-4589-96B1-A83B5710016D} = {BA7A587E-0883-4B5C-B4B6-9AE5CB90E52D}
		{CC7760F4-5B72-4215-BC64-533FB075D2E9} = {BA7A587E-0883-4B5C-B4B6-9AE5CB90E52D}
		{97CB886E-D323-4209-8508-A2B490C554C6} = {BA7A587E-0883-4B5C-B4B6-9AE5CB90E52D}
		{3FD4118C-7ADF-4BE8-96AE-AEF9389EC34A} = {BA7A587E-0883-4B5C-B4B6-9AE5CB90E52D}
	EndGlobalSection
	GlobalSection(ExtensibilityGlobals) = postSolution
		SolutionGuid = {314EBB27-D262-41A5-AECE-DAE40A80B3D1}
	EndGlobalSection
EndGlobal
