
Microsoft Visual Studio Solution File, Format Version 12.00
# Visual Studio Version 16
VisualStudioVersion = 16.0.30611.23
MinimumVisualStudioVersion = 10.0.40219.1
Project("{FAE04EC0-301F-11D3-BF4B-00C04F79EFBC}") = "dotNet5781_03B_7799_9212", "dotNet5781_03B_7799_9212\dotNet5781_03B_7799_9212.csproj", "{A8BD8439-F38B-4DE8-BEDB-DE164E6E6F55}"
EndProject
Global
	GlobalSection(SolutionConfigurationPlatforms) = preSolution
		Debug|Any CPU = Debug|Any CPU
		Release|Any CPU = Release|Any CPU
	EndGlobalSection
	GlobalSection(ProjectConfigurationPlatforms) = postSolution
		{A8BD8439-F38B-4DE8-BEDB-DE164E6E6F55}.Debug|Any CPU.ActiveCfg = Debug|Any CPU
		{A8BD8439-F38B-4DE8-BEDB-DE164E6E6F55}.Debug|Any CPU.Build.0 = Debug|Any CPU
		{A8BD8439-F38B-4DE8-BEDB-DE164E6E6F55}.Release|Any CPU.ActiveCfg = Release|Any CPU
		{A8BD8439-F38B-4DE8-BEDB-DE164E6E6F55}.Release|Any CPU.Build.0 = Release|Any CPU
	EndGlobalSection
	GlobalSection(SolutionProperties) = preSolution
		HideSolutionNode = FALSE
	EndGlobalSection
	GlobalSection(ExtensibilityGlobals) = postSolution
		SolutionGuid = {25549543-0670-46CA-9B2D-F0C039972A65}
	EndGlobalSection
EndGlobal
